
Microsoft Visual Studio Solution File, Format Version 12.00
# Visual Studio Version 16
VisualStudioVersion = 16.0.31515.178
MinimumVisualStudioVersion = 10.0.40219.1
Project("{8BC9CEB8-8B4A-11D0-8D11-00A0C91BC942}") = "doc file day so cach nhau dau phay", "doc file day so cach nhau dau phay.vcxproj", "{CB503D17-59EB-4DDA-BE51-1CA087C8E89C}"
EndProject
Global
	GlobalSection(SolutionConfigurationPlatforms) = preSolution
		Debug|x64 = Debug|x64
		Debug|x86 = Debug|x86
		Release|x64 = Release|x64
		Release|x86 = Release|x86
	EndGlobalSection
	GlobalSection(ProjectConfigurationPlatforms) = postSolution
		{CB503D17-59EB-4DDA-BE51-1CA087C8E89C}.Debug|x64.ActiveCfg = Debug|x64
		{CB503D17-59EB-4DDA-BE51-1CA087C8E89C}.Debug|x64.Build.0 = Debug|x64
		{CB503D17-59EB-4DDA-BE51-1CA087C8E89C}.Debug|x86.ActiveCfg = Debug|Win32
		{CB503D17-59EB-4DDA-BE51-1CA087C8E89C}.Debug|x86.Build.0 = Debug|Win32
		{CB503D17-59EB-4DDA-BE51-1CA087C8E89C}.Release|x64.ActiveCfg = Release|x64
		{CB503D17-59EB-4DDA-BE51-1CA087C8E89C}.Release|x64.Build.0 = Release|x64
		{CB503D17-59EB-4DDA-BE51-1CA087C8E89C}.Release|x86.ActiveCfg = Release|Win32
		{CB503D17-59EB-4DDA-BE51-1CA087C8E89C}.Release|x86.Build.0 = Release|Win32
	EndGlobalSection
	GlobalSection(SolutionProperties) = preSolution
		HideSolutionNode = FALSE
	EndGlobalSection
	GlobalSection(ExtensibilityGlobals) = postSolution
		SolutionGuid = {68915910-ECBB-49FE-B046-BA3046150005}
	EndGlobalSection
EndGlobal
