
Microsoft Visual Studio Solution File, Format Version 12.00
# Visual Studio Version 16
VisualStudioVersion = 16.0.31515.178
MinimumVisualStudioVersion = 10.0.40219.1
Project("{8BC9CEB8-8B4A-11D0-8D11-00A0C91BC942}") = "tim gia tri xa nhat cua x trong mang", "tim gia tri xa nhat cua x trong mang.vcxproj", "{D7224D6E-ACE3-4BFE-BCC7-190AD2F07382}"
EndProject
Global
	GlobalSection(SolutionConfigurationPlatforms) = preSolution
		Debug|x64 = Debug|x64
		Debug|x86 = Debug|x86
		Release|x64 = Release|x64
		Release|x86 = Release|x86
	EndGlobalSection
	GlobalSection(ProjectConfigurationPlatforms) = postSolution
		{D7224D6E-ACE3-4BFE-BCC7-190AD2F07382}.Debug|x64.ActiveCfg = Debug|x64
		{D7224D6E-ACE3-4BFE-BCC7-190AD2F07382}.Debug|x64.Build.0 = Debug|x64
		{D7224D6E-ACE3-4BFE-BCC7-190AD2F07382}.Debug|x86.ActiveCfg = Debug|Win32
		{D7224D6E-ACE3-4BFE-BCC7-190AD2F07382}.Debug|x86.Build.0 = Debug|Win32
		{D7224D6E-ACE3-4BFE-BCC7-190AD2F07382}.Release|x64.ActiveCfg = Release|x64
		{D7224D6E-ACE3-4BFE-BCC7-190AD2F07382}.Release|x64.Build.0 = Release|x64
		{D7224D6E-ACE3-4BFE-BCC7-190AD2F07382}.Release|x86.ActiveCfg = Release|Win32
		{D7224D6E-ACE3-4BFE-BCC7-190AD2F07382}.Release|x86.Build.0 = Release|Win32
	EndGlobalSection
	GlobalSection(SolutionProperties) = preSolution
		HideSolutionNode = FALSE
	EndGlobalSection
	GlobalSection(ExtensibilityGlobals) = postSolution
		SolutionGuid = {0CA8234E-6F9C-4F2A-BEC2-6FFC08D27AD0}
	EndGlobalSection
EndGlobal
