
Microsoft Visual Studio Solution File, Format Version 12.00
# Visual Studio Version 16
VisualStudioVersion = 16.0.31515.178
MinimumVisualStudioVersion = 10.0.40219.1
Project("{8BC9CEB8-8B4A-11D0-8D11-00A0C91BC942}") = "ki thuat sieu mang dong", "ki thuat sieu mang dong.vcxproj", "{F30F3B01-92D1-470D-B5CE-17B36EDC9520}"
EndProject
Global
	GlobalSection(SolutionConfigurationPlatforms) = preSolution
		Debug|x64 = Debug|x64
		Debug|x86 = Debug|x86
		Release|x64 = Release|x64
		Release|x86 = Release|x86
	EndGlobalSection
	GlobalSection(ProjectConfigurationPlatforms) = postSolution
		{F30F3B01-92D1-470D-B5CE-17B36EDC9520}.Debug|x64.ActiveCfg = Debug|x64
		{F30F3B01-92D1-470D-B5CE-17B36EDC9520}.Debug|x64.Build.0 = Debug|x64
		{F30F3B01-92D1-470D-B5CE-17B36EDC9520}.Debug|x86.ActiveCfg = Debug|Win32
		{F30F3B01-92D1-470D-B5CE-17B36EDC9520}.Debug|x86.Build.0 = Debug|Win32
		{F30F3B01-92D1-470D-B5CE-17B36EDC9520}.Release|x64.ActiveCfg = Release|x64
		{F30F3B01-92D1-470D-B5CE-17B36EDC9520}.Release|x64.Build.0 = Release|x64
		{F30F3B01-92D1-470D-B5CE-17B36EDC9520}.Release|x86.ActiveCfg = Release|Win32
		{F30F3B01-92D1-470D-B5CE-17B36EDC9520}.Release|x86.Build.0 = Release|Win32
	EndGlobalSection
	GlobalSection(SolutionProperties) = preSolution
		HideSolutionNode = FALSE
	EndGlobalSection
	GlobalSection(ExtensibilityGlobals) = postSolution
		SolutionGuid = {9F3214B7-C19D-4784-B113-0DEA51A88F9E}
	EndGlobalSection
EndGlobal
