
Microsoft Visual Studio Solution File, Format Version 12.00
# Visual Studio Version 16
VisualStudioVersion = 16.0.31515.178
MinimumVisualStudioVersion = 10.0.40219.1
Project("{8BC9CEB8-8B4A-11D0-8D11-00A0C91BC942}") = "demo ki thuat chia tach file", "demo ki thuat chia tach file.vcxproj", "{1D719552-D698-4EED-9F4D-5DC3F54BE069}"
EndProject
Global
	GlobalSection(SolutionConfigurationPlatforms) = preSolution
		Debug|x64 = Debug|x64
		Debug|x86 = Debug|x86
		Release|x64 = Release|x64
		Release|x86 = Release|x86
	EndGlobalSection
	GlobalSection(ProjectConfigurationPlatforms) = postSolution
		{1D719552-D698-4EED-9F4D-5DC3F54BE069}.Debug|x64.ActiveCfg = Debug|x64
		{1D719552-D698-4EED-9F4D-5DC3F54BE069}.Debug|x64.Build.0 = Debug|x64
		{1D719552-D698-4EED-9F4D-5DC3F54BE069}.Debug|x86.ActiveCfg = Debug|Win32
		{1D719552-D698-4EED-9F4D-5DC3F54BE069}.Debug|x86.Build.0 = Debug|Win32
		{1D719552-D698-4EED-9F4D-5DC3F54BE069}.Release|x64.ActiveCfg = Release|x64
		{1D719552-D698-4EED-9F4D-5DC3F54BE069}.Release|x64.Build.0 = Release|x64
		{1D719552-D698-4EED-9F4D-5DC3F54BE069}.Release|x86.ActiveCfg = Release|Win32
		{1D719552-D698-4EED-9F4D-5DC3F54BE069}.Release|x86.Build.0 = Release|Win32
	EndGlobalSection
	GlobalSection(SolutionProperties) = preSolution
		HideSolutionNode = FALSE
	EndGlobalSection
	GlobalSection(ExtensibilityGlobals) = postSolution
		SolutionGuid = {729288C5-07AB-4B0C-8A6E-9EEA37E4A704}
	EndGlobalSection
EndGlobal
