
Microsoft Visual Studio Solution File, Format Version 12.00
# Visual Studio Version 16
VisualStudioVersion = 16.0.31515.178
MinimumVisualStudioVersion = 10.0.40219.1
Project("{8BC9CEB8-8B4A-11D0-8D11-00A0C91BC942}") = "sap xep vt so le mang 1 chieu", "sap xep vt so le mang 1 chieu.vcxproj", "{FACF54A7-E079-4FEC-B318-BCB3B08BEC18}"
EndProject
Global
	GlobalSection(SolutionConfigurationPlatforms) = preSolution
		Debug|x64 = Debug|x64
		Debug|x86 = Debug|x86
		Release|x64 = Release|x64
		Release|x86 = Release|x86
	EndGlobalSection
	GlobalSection(ProjectConfigurationPlatforms) = postSolution
		{FACF54A7-E079-4FEC-B318-BCB3B08BEC18}.Debug|x64.ActiveCfg = Debug|x64
		{FACF54A7-E079-4FEC-B318-BCB3B08BEC18}.Debug|x64.Build.0 = Debug|x64
		{FACF54A7-E079-4FEC-B318-BCB3B08BEC18}.Debug|x86.ActiveCfg = Debug|Win32
		{FACF54A7-E079-4FEC-B318-BCB3B08BEC18}.Debug|x86.Build.0 = Debug|Win32
		{FACF54A7-E079-4FEC-B318-BCB3B08BEC18}.Release|x64.ActiveCfg = Release|x64
		{FACF54A7-E079-4FEC-B318-BCB3B08BEC18}.Release|x64.Build.0 = Release|x64
		{FACF54A7-E079-4FEC-B318-BCB3B08BEC18}.Release|x86.ActiveCfg = Release|Win32
		{FACF54A7-E079-4FEC-B318-BCB3B08BEC18}.Release|x86.Build.0 = Release|Win32
	EndGlobalSection
	GlobalSection(SolutionProperties) = preSolution
		HideSolutionNode = FALSE
	EndGlobalSection
	GlobalSection(ExtensibilityGlobals) = postSolution
		SolutionGuid = {AA12078E-8D01-48B8-8519-9C7188D07444}
	EndGlobalSection
EndGlobal
